{
  "name": "zikofy",
  "version": "0.4.1",
  "lockfileVersion": 2,
  "requires": true,
  "packages": {
    "": {
      "name": "zikofy",
      "version": "0.4.1",
      "license": "MIT",
      "dependencies": {
        "ziko": "^0.57.1"
      }
    },
    "node_modules/ziko": {
      "version": "0.57.1",
      "resolved": "https://registry.npmjs.org/ziko/-/ziko-0.57.1.tgz",
      "integrity": "sha512-ucnjSkqUzWnnZQu2P9PdIqPClgDbGVW27PeEWemVyrHzlqYSFGF41N9V4zOyJyQl3/t72ocC1lyhrq3jR8LnNA==",
      "license": "MIT",
      "bin": {
        "create-ziko-app": "starter/bin/index.js"
      }
    }
  },
  "dependencies": {
    "ziko": {
      "version": "0.57.1",
      "resolved": "https://registry.npmjs.org/ziko/-/ziko-0.57.1.tgz",
      "integrity": "sha512-ucnjSkqUzWnnZQu2P9PdIqPClgDbGVW27PeEWemVyrHzlqYSFGF41N9V4zOyJyQl3/t72ocC1lyhrq3jR8LnNA=="
    }
  }
}
